# This file is generated by running "yarn install" inside your project.
# Manual changes might be lost - proceed with caution!

__metadata:
  version: 6

"@shared/api@workspace:shared/api":
  version: 0.0.0-use.local
  resolution: "@shared/api@workspace:shared/api"
  languageName: unknown
  linkType: soft

"next-monorepo-playground@workspace:.":
  version: 0.0.0-use.local
  resolution: "next-monorepo-playground@workspace:."
  languageName: unknown
  linkType: soft
